
Microsoft Visual Studio Solution File, Format Version 12.00
# Visual Studio Version 16
VisualStudioVersion = 16.0.29609.76
MinimumVisualStudioVersion = 10.0.40219.1
Project("{8BC9CEB8-8B4A-11D0-8D11-00A0C91BC942}") = "MinuteEngine", "MinuteEngine\MinuteEngine.vcxproj", "{6979DE10-A421-4CE6-AC2E-D623A55F96F6}"
EndProject
Global
	GlobalSection(SolutionConfigurationPlatforms) = preSolution
		Debug|x64 = Debug|x64
		Debug|x86 = Debug|x86
		Release|x64 = Release|x64
		Release|x86 = Release|x86
	EndGlobalSection
	GlobalSection(ProjectConfigurationPlatforms) = postSolution
		{6979DE10-A421-4CE6-AC2E-D623A55F96F6}.Debug|x64.ActiveCfg = Debug|x64
		{6979DE10-A421-4CE6-AC2E-D623A55F96F6}.Debug|x64.Build.0 = Debug|x64
		{6979DE10-A421-4CE6-AC2E-D623A55F96F6}.Debug|x86.ActiveCfg = Debug|Win32
		{6979DE10-A421-4CE6-AC2E-D623A55F96F6}.Debug|x86.Build.0 = Debug|Win32
		{6979DE10-A421-4CE6-AC2E-D623A55F96F6}.Release|x64.ActiveCfg = Release|x64
		{6979DE10-A421-4CE6-AC2E-D623A55F96F6}.Release|x64.Build.0 = Release|x64
		{6979DE10-A421-4CE6-AC2E-D623A55F96F6}.Release|x86.ActiveCfg = Release|Win32
		{6979DE10-A421-4CE6-AC2E-D623A55F96F6}.Release|x86.Build.0 = Release|Win32
	EndGlobalSection
	GlobalSection(SolutionProperties) = preSolution
		HideSolutionNode = FALSE
	EndGlobalSection
	GlobalSection(ExtensibilityGlobals) = postSolution
		SolutionGuid = {EE66A6B3-A8F5-4C8C-ADE8-F0230A8F8210}
	EndGlobalSection
EndGlobal
